
Microsoft Visual Studio Solution File, Format Version 12.00
# Visual Studio Version 17
VisualStudioVersion = 17.0.32112.339
MinimumVisualStudioVersion = 10.0.40219.1
Project("{888888A0-9F3D-457C-B088-3A5042F75D52}") = "PythonAcumulaTotales", "PythonAcumulaTotales.pyproj", "{AC78F041-F0A3-4884-AEB6-AC96811E4871}"
EndProject
Global
	GlobalSection(SolutionConfigurationPlatforms) = preSolution
		Debug|Any CPU = Debug|Any CPU
		Release|Any CPU = Release|Any CPU
	EndGlobalSection
	GlobalSection(ProjectConfigurationPlatforms) = postSolution
		{AC78F041-F0A3-4884-AEB6-AC96811E4871}.Debug|Any CPU.ActiveCfg = Debug|Any CPU
		{AC78F041-F0A3-4884-AEB6-AC96811E4871}.Release|Any CPU.ActiveCfg = Release|Any CPU
	EndGlobalSection
	GlobalSection(SolutionProperties) = preSolution
		HideSolutionNode = FALSE
	EndGlobalSection
	GlobalSection(ExtensibilityGlobals) = postSolution
		SolutionGuid = {9DDEAD9E-F4A9-4F75-8126-5EB24F0D378D}
	EndGlobalSection
EndGlobal
